
Microsoft Visual Studio Solution File, Format Version 12.00
# Visual Studio 2013
VisualStudioVersion = 12.0.40629.0
MinimumVisualStudioVersion = 10.0.40219.1
Project("{FAE04EC0-301F-11D3-BF4B-00C04F79EFBC}") = "HRCSharp", "HRCSharp\HRCSharp.csproj", "{06D4BD80-9A43-4236-BDCE-50C8ED7C8BE9}"
EndProject
Project("{2150E333-8FDC-42A3-9474-1A3956D46DE8}") = "Algorithms", "Algorithms", "{A7A8CF38-DEEE-43B2-A319-BE020ABBE2C9}"
EndProject
Project("{2150E333-8FDC-42A3-9474-1A3956D46DE8}") = "Sorting", "Sorting", "{9182C92D-628F-4016-9492-29E20B9997F8}"
EndProject
Project("{FAE04EC0-301F-11D3-BF4B-00C04F79EFBC}") = "IntroToTutorialChallenges", "Algorithms\Sorting\IntroToTutorialChallenges\IntroToTutorialChallenges.csproj", "{A696BA06-7960-481A-AA78-799BB990FE52}"
EndProject
Project("{2150E333-8FDC-42A3-9474-1A3956D46DE8}") = "GraphTheory", "GraphTheory", "{B89D616F-5619-440B-B556-50FB629C5275}"
EndProject
Project("{FAE04EC0-301F-11D3-BF4B-00C04F79EFBC}") = "BreadthFirstSearchShortestReach", "Algorithms\GraphTheory\BreadthFirstSearchShortestReach\BreadthFirstSearchShortestReach.csproj", "{BC3583CC-1E7C-4556-BA75-15F87E9D7AB2}"
EndProject
Project("{2150E333-8FDC-42A3-9474-1A3956D46DE8}") = "Implementation", "Implementation", "{2244739F-B847-46E5-B35B-F987879B4312}"
EndProject
Project("{FAE04EC0-301F-11D3-BF4B-00C04F79EFBC}") = "UtopianTree", "Algorithms\Implementation\UtopianTree\UtopianTree.csproj", "{186E081B-56C2-44F8-8E4A-BC97804DFA1E}"
EndProject
Project("{2150E333-8FDC-42A3-9474-1A3956D46DE8}") = "Strings", "Strings", "{ABF64B6F-2569-4009-B44C-6C1DA2F87B7E}"
EndProject
Project("{FAE04EC0-301F-11D3-BF4B-00C04F79EFBC}") = "Pangrams", "Algorithms\Strings\Pangrams\Pangrams.csproj", "{A2A7DAFD-8CB6-4471-9172-75A0F594AB6C}"
EndProject
Project("{FAE04EC0-301F-11D3-BF4B-00C04F79EFBC}") = "FunnyString", "Algorithms\Strings\FunnyString\FunnyString.csproj", "{D1247326-50CB-4F27-8832-8C2E4BC24074}"
EndProject
Project("{FAE04EC0-301F-11D3-BF4B-00C04F79EFBC}") = "InsertionSortPart1", "Algorithms\Sorting\InsertionSortPart1\InsertionSortPart1.csproj", "{65F5BD9B-8BB3-455E-B08A-7DF652F34CE8}"
EndProject
Project("{FAE04EC0-301F-11D3-BF4B-00C04F79EFBC}") = "FindDigits", "Algorithms\Implementation\FindDigits\FindDigits.csproj", "{75B39CA0-6D06-4FAB-9C77-3FEF170E2ECB}"
EndProject
Project("{FAE04EC0-301F-11D3-BF4B-00C04F79EFBC}") = "AlternatingCharacters", "Algorithms\Strings\AlternatingCharacters\AlternatingCharacters.csproj", "{19340C7D-3B01-492F-BF7B-178BA3551F58}"
EndProject
Project("{FAE04EC0-301F-11D3-BF4B-00C04F79EFBC}") = "TaumAndBday", "Algorithms\Implementation\TaumAndBday\TaumAndBday.csproj", "{3CD0FEFE-27F5-42CC-889C-71BC3E769946}"
EndProject
Project("{FAE04EC0-301F-11D3-BF4B-00C04F79EFBC}") = "InsertionSortPart2", "Algorithms\Sorting\InsertionSortPart2\InsertionSortPart2.csproj", "{37468B53-DCF9-4BF9-8744-FC715F2F8078}"
EndProject
Project("{FAE04EC0-301F-11D3-BF4B-00C04F79EFBC}") = "CavityMap", "Algorithms\Implementation\CavityMap\CavityMap.csproj", "{6B8743F7-33F9-422E-9F2C-6BFC8813CA5F}"
EndProject
Project("{FAE04EC0-301F-11D3-BF4B-00C04F79EFBC}") = "ServiceLane", "Algorithms\Implementation\ServiceLane\ServiceLane.csproj", "{3C8F67ED-0EB7-409A-AD62-5876FD132732}"
EndProject
Project("{2150E333-8FDC-42A3-9474-1A3956D46DE8}") = "Greedy", "Greedy", "{9F73E7C1-6B33-427C-80F2-387A14323DA8}"
EndProject
Project("{FAE04EC0-301F-11D3-BF4B-00C04F79EFBC}") = "TwoArrays", "Algorithms\Greedy\TwoArrays\TwoArrays.csproj", "{9EA594A0-C045-4539-99EE-7BD797298D10}"
EndProject
Project("{FAE04EC0-301F-11D3-BF4B-00C04F79EFBC}") = "MarkAndToys", "Algorithms\Greedy\MarkAndToys\MarkAndToys.csproj", "{74B70AFA-0CB1-4773-96BA-67F3F01F33C8}"
EndProject
Project("{FAE04EC0-301F-11D3-BF4B-00C04F79EFBC}") = "ChocolateFeast", "Algorithms\Implementation\ChocolateFeast\ChocolateFeast.csproj", "{C37E94B8-459D-46B2-822C-2D08DDE1DE7B}"
EndProject
Project("{FAE04EC0-301F-11D3-BF4B-00C04F79EFBC}") = "AngryProfessor", "Algorithms\Implementation\AngryProfessor\AngryProfessor.csproj", "{185460D3-F008-4854-97D5-0438913D2435}"
EndProject
Project("{FAE04EC0-301F-11D3-BF4B-00C04F79EFBC}") = "Gemstones", "Algorithms\Strings\Gemstones\Gemstones.csproj", "{E967A1EF-4BD1-4DD5-BCA9-3DE85FD7648D}"
EndProject
Project("{FAE04EC0-301F-11D3-BF4B-00C04F79EFBC}") = "TheLoveLetterMystery", "Algorithms\Strings\TheLoveLetterMystery\TheLoveLetterMystery.csproj", "{A340DF54-D9B8-4BED-AF7E-32BC15BDB589}"
EndProject
Project("{FAE04EC0-301F-11D3-BF4B-00C04F79EFBC}") = "EvenTree", "Algorithms\GraphTheory\EvenTree\EvenTree.csproj", "{EB4633FD-B622-40AB-B18C-EEA121BC9A9F}"
EndProject
Project("{2150E333-8FDC-42A3-9474-1A3956D46DE8}") = "DynamicProgramming", "DynamicProgramming", "{EC4BA1BC-0B8D-4F6F-B801-96CA36519394}"
EndProject
Project("{FAE04EC0-301F-11D3-BF4B-00C04F79EFBC}") = "TheMaximumSubarray", "Algorithms\DynamicProgramming\TheMaximumSubarray\TheMaximumSubarray.csproj", "{119675D3-0D80-4636-87A1-7236F82B6C88}"
EndProject
Project("{FAE04EC0-301F-11D3-BF4B-00C04F79EFBC}") = "MaxMin", "Algorithms\Greedy\MaxMin\MaxMin.csproj", "{158F19A8-F62B-4FF1-A44A-A462FFBFF083}"
EndProject
Project("{FAE04EC0-301F-11D3-BF4B-00C04F79EFBC}") = "ClosestNumbers", "Algorithms\Sorting\ClosestNumbers\ClosestNumbers.csproj", "{839A66FE-D4D0-438D-A713-692FDE52233E}"
EndProject
Project("{FAE04EC0-301F-11D3-BF4B-00C04F79EFBC}") = "CutTheSticks", "Algorithms\Implementation\CutTheSticks\CutTheSticks.csproj", "{C3E32DF8-EC1B-43A6-B831-B43EF18AE13B}"
EndProject
Project("{FAE04EC0-301F-11D3-BF4B-00C04F79EFBC}") = "Anagram", "Algorithms\Implementation\Anagram\Anagram.csproj", "{7809ACF8-D97E-44F7-8833-D857A78F6D6F}"
EndProject
Project("{2150E333-8FDC-42A3-9474-1A3956D46DE8}") = "Search", "Search", "{363E8960-47AB-4E2C-AC43-630AB4B2117C}"
EndProject
Project("{FAE04EC0-301F-11D3-BF4B-00C04F79EFBC}") = "SherlockAndArray", "Algorithms\Search\SherlockAndArray\SherlockAndArray.csproj", "{D474CE45-1BA4-45BA-9D55-153A49D6073E}"
EndProject
Global
	GlobalSection(SolutionConfigurationPlatforms) = preSolution
		Debug|Any CPU = Debug|Any CPU
		Release|Any CPU = Release|Any CPU
	EndGlobalSection
	GlobalSection(ProjectConfigurationPlatforms) = postSolution
		{06D4BD80-9A43-4236-BDCE-50C8ED7C8BE9}.Debug|Any CPU.ActiveCfg = Debug|Any CPU
		{06D4BD80-9A43-4236-BDCE-50C8ED7C8BE9}.Debug|Any CPU.Build.0 = Debug|Any CPU
		{06D4BD80-9A43-4236-BDCE-50C8ED7C8BE9}.Release|Any CPU.ActiveCfg = Release|Any CPU
		{06D4BD80-9A43-4236-BDCE-50C8ED7C8BE9}.Release|Any CPU.Build.0 = Release|Any CPU
		{A696BA06-7960-481A-AA78-799BB990FE52}.Debug|Any CPU.ActiveCfg = Debug|Any CPU
		{A696BA06-7960-481A-AA78-799BB990FE52}.Debug|Any CPU.Build.0 = Debug|Any CPU
		{A696BA06-7960-481A-AA78-799BB990FE52}.Release|Any CPU.ActiveCfg = Release|Any CPU
		{A696BA06-7960-481A-AA78-799BB990FE52}.Release|Any CPU.Build.0 = Release|Any CPU
		{BC3583CC-1E7C-4556-BA75-15F87E9D7AB2}.Debug|Any CPU.ActiveCfg = Debug|Any CPU
		{BC3583CC-1E7C-4556-BA75-15F87E9D7AB2}.Debug|Any CPU.Build.0 = Debug|Any CPU
		{BC3583CC-1E7C-4556-BA75-15F87E9D7AB2}.Release|Any CPU.ActiveCfg = Release|Any CPU
		{BC3583CC-1E7C-4556-BA75-15F87E9D7AB2}.Release|Any CPU.Build.0 = Release|Any CPU
		{186E081B-56C2-44F8-8E4A-BC97804DFA1E}.Debug|Any CPU.ActiveCfg = Debug|Any CPU
		{186E081B-56C2-44F8-8E4A-BC97804DFA1E}.Debug|Any CPU.Build.0 = Debug|Any CPU
		{186E081B-56C2-44F8-8E4A-BC97804DFA1E}.Release|Any CPU.ActiveCfg = Release|Any CPU
		{186E081B-56C2-44F8-8E4A-BC97804DFA1E}.Release|Any CPU.Build.0 = Release|Any CPU
		{A2A7DAFD-8CB6-4471-9172-75A0F594AB6C}.Debug|Any CPU.ActiveCfg = Debug|Any CPU
		{A2A7DAFD-8CB6-4471-9172-75A0F594AB6C}.Debug|Any CPU.Build.0 = Debug|Any CPU
		{A2A7DAFD-8CB6-4471-9172-75A0F594AB6C}.Release|Any CPU.ActiveCfg = Release|Any CPU
		{A2A7DAFD-8CB6-4471-9172-75A0F594AB6C}.Release|Any CPU.Build.0 = Release|Any CPU
		{D1247326-50CB-4F27-8832-8C2E4BC24074}.Debug|Any CPU.ActiveCfg = Debug|Any CPU
		{D1247326-50CB-4F27-8832-8C2E4BC24074}.Debug|Any CPU.Build.0 = Debug|Any CPU
		{D1247326-50CB-4F27-8832-8C2E4BC24074}.Release|Any CPU.ActiveCfg = Release|Any CPU
		{D1247326-50CB-4F27-8832-8C2E4BC24074}.Release|Any CPU.Build.0 = Release|Any CPU
		{65F5BD9B-8BB3-455E-B08A-7DF652F34CE8}.Debug|Any CPU.ActiveCfg = Debug|Any CPU
		{65F5BD9B-8BB3-455E-B08A-7DF652F34CE8}.Debug|Any CPU.Build.0 = Debug|Any CPU
		{65F5BD9B-8BB3-455E-B08A-7DF652F34CE8}.Release|Any CPU.ActiveCfg = Release|Any CPU
		{65F5BD9B-8BB3-455E-B08A-7DF652F34CE8}.Release|Any CPU.Build.0 = Release|Any CPU
		{75B39CA0-6D06-4FAB-9C77-3FEF170E2ECB}.Debug|Any CPU.ActiveCfg = Debug|Any CPU
		{75B39CA0-6D06-4FAB-9C77-3FEF170E2ECB}.Debug|Any CPU.Build.0 = Debug|Any CPU
		{75B39CA0-6D06-4FAB-9C77-3FEF170E2ECB}.Release|Any CPU.ActiveCfg = Release|Any CPU
		{75B39CA0-6D06-4FAB-9C77-3FEF170E2ECB}.Release|Any CPU.Build.0 = Release|Any CPU
		{19340C7D-3B01-492F-BF7B-178BA3551F58}.Debug|Any CPU.ActiveCfg = Debug|Any CPU
		{19340C7D-3B01-492F-BF7B-178BA3551F58}.Debug|Any CPU.Build.0 = Debug|Any CPU
		{19340C7D-3B01-492F-BF7B-178BA3551F58}.Release|Any CPU.ActiveCfg = Release|Any CPU
		{19340C7D-3B01-492F-BF7B-178BA3551F58}.Release|Any CPU.Build.0 = Release|Any CPU
		{3CD0FEFE-27F5-42CC-889C-71BC3E769946}.Debug|Any CPU.ActiveCfg = Debug|Any CPU
		{3CD0FEFE-27F5-42CC-889C-71BC3E769946}.Debug|Any CPU.Build.0 = Debug|Any CPU
		{3CD0FEFE-27F5-42CC-889C-71BC3E769946}.Release|Any CPU.ActiveCfg = Release|Any CPU
		{3CD0FEFE-27F5-42CC-889C-71BC3E769946}.Release|Any CPU.Build.0 = Release|Any CPU
		{37468B53-DCF9-4BF9-8744-FC715F2F8078}.Debug|Any CPU.ActiveCfg = Debug|Any CPU
		{37468B53-DCF9-4BF9-8744-FC715F2F8078}.Debug|Any CPU.Build.0 = Debug|Any CPU
		{37468B53-DCF9-4BF9-8744-FC715F2F8078}.Release|Any CPU.ActiveCfg = Release|Any CPU
		{37468B53-DCF9-4BF9-8744-FC715F2F8078}.Release|Any CPU.Build.0 = Release|Any CPU
		{6B8743F7-33F9-422E-9F2C-6BFC8813CA5F}.Debug|Any CPU.ActiveCfg = Debug|Any CPU
		{6B8743F7-33F9-422E-9F2C-6BFC8813CA5F}.Debug|Any CPU.Build.0 = Debug|Any CPU
		{6B8743F7-33F9-422E-9F2C-6BFC8813CA5F}.Release|Any CPU.ActiveCfg = Release|Any CPU
		{6B8743F7-33F9-422E-9F2C-6BFC8813CA5F}.Release|Any CPU.Build.0 = Release|Any CPU
		{3C8F67ED-0EB7-409A-AD62-5876FD132732}.Debug|Any CPU.ActiveCfg = Debug|Any CPU
		{3C8F67ED-0EB7-409A-AD62-5876FD132732}.Debug|Any CPU.Build.0 = Debug|Any CPU
		{3C8F67ED-0EB7-409A-AD62-5876FD132732}.Release|Any CPU.ActiveCfg = Release|Any CPU
		{3C8F67ED-0EB7-409A-AD62-5876FD132732}.Release|Any CPU.Build.0 = Release|Any CPU
		{9EA594A0-C045-4539-99EE-7BD797298D10}.Debug|Any CPU.ActiveCfg = Debug|Any CPU
		{9EA594A0-C045-4539-99EE-7BD797298D10}.Debug|Any CPU.Build.0 = Debug|Any CPU
		{9EA594A0-C045-4539-99EE-7BD797298D10}.Release|Any CPU.ActiveCfg = Release|Any CPU
		{9EA594A0-C045-4539-99EE-7BD797298D10}.Release|Any CPU.Build.0 = Release|Any CPU
		{74B70AFA-0CB1-4773-96BA-67F3F01F33C8}.Debug|Any CPU.ActiveCfg = Debug|Any CPU
		{74B70AFA-0CB1-4773-96BA-67F3F01F33C8}.Debug|Any CPU.Build.0 = Debug|Any CPU
		{74B70AFA-0CB1-4773-96BA-67F3F01F33C8}.Release|Any CPU.ActiveCfg = Release|Any CPU
		{74B70AFA-0CB1-4773-96BA-67F3F01F33C8}.Release|Any CPU.Build.0 = Release|Any CPU
		{C37E94B8-459D-46B2-822C-2D08DDE1DE7B}.Debug|Any CPU.ActiveCfg = Debug|Any CPU
		{C37E94B8-459D-46B2-822C-2D08DDE1DE7B}.Debug|Any CPU.Build.0 = Debug|Any CPU
		{C37E94B8-459D-46B2-822C-2D08DDE1DE7B}.Release|Any CPU.ActiveCfg = Release|Any CPU
		{C37E94B8-459D-46B2-822C-2D08DDE1DE7B}.Release|Any CPU.Build.0 = Release|Any CPU
		{185460D3-F008-4854-97D5-0438913D2435}.Debug|Any CPU.ActiveCfg = Debug|Any CPU
		{185460D3-F008-4854-97D5-0438913D2435}.Debug|Any CPU.Build.0 = Debug|Any CPU
		{185460D3-F008-4854-97D5-0438913D2435}.Release|Any CPU.ActiveCfg = Release|Any CPU
		{185460D3-F008-4854-97D5-0438913D2435}.Release|Any CPU.Build.0 = Release|Any CPU
		{E967A1EF-4BD1-4DD5-BCA9-3DE85FD7648D}.Debug|Any CPU.ActiveCfg = Debug|Any CPU
		{E967A1EF-4BD1-4DD5-BCA9-3DE85FD7648D}.Debug|Any CPU.Build.0 = Debug|Any CPU
		{E967A1EF-4BD1-4DD5-BCA9-3DE85FD7648D}.Release|Any CPU.ActiveCfg = Release|Any CPU
		{E967A1EF-4BD1-4DD5-BCA9-3DE85FD7648D}.Release|Any CPU.Build.0 = Release|Any CPU
		{A340DF54-D9B8-4BED-AF7E-32BC15BDB589}.Debug|Any CPU.ActiveCfg = Debug|Any CPU
		{A340DF54-D9B8-4BED-AF7E-32BC15BDB589}.Debug|Any CPU.Build.0 = Debug|Any CPU
		{A340DF54-D9B8-4BED-AF7E-32BC15BDB589}.Release|Any CPU.ActiveCfg = Release|Any CPU
		{A340DF54-D9B8-4BED-AF7E-32BC15BDB589}.Release|Any CPU.Build.0 = Release|Any CPU
		{EB4633FD-B622-40AB-B18C-EEA121BC9A9F}.Debug|Any CPU.ActiveCfg = Debug|Any CPU
		{EB4633FD-B622-40AB-B18C-EEA121BC9A9F}.Debug|Any CPU.Build.0 = Debug|Any CPU
		{EB4633FD-B622-40AB-B18C-EEA121BC9A9F}.Release|Any CPU.ActiveCfg = Release|Any CPU
		{EB4633FD-B622-40AB-B18C-EEA121BC9A9F}.Release|Any CPU.Build.0 = Release|Any CPU
		{119675D3-0D80-4636-87A1-7236F82B6C88}.Debug|Any CPU.ActiveCfg = Debug|Any CPU
		{119675D3-0D80-4636-87A1-7236F82B6C88}.Debug|Any CPU.Build.0 = Debug|Any CPU
		{119675D3-0D80-4636-87A1-7236F82B6C88}.Release|Any CPU.ActiveCfg = Release|Any CPU
		{119675D3-0D80-4636-87A1-7236F82B6C88}.Release|Any CPU.Build.0 = Release|Any CPU
		{158F19A8-F62B-4FF1-A44A-A462FFBFF083}.Debug|Any CPU.ActiveCfg = Debug|Any CPU
		{158F19A8-F62B-4FF1-A44A-A462FFBFF083}.Debug|Any CPU.Build.0 = Debug|Any CPU
		{158F19A8-F62B-4FF1-A44A-A462FFBFF083}.Release|Any CPU.ActiveCfg = Release|Any CPU
		{158F19A8-F62B-4FF1-A44A-A462FFBFF083}.Release|Any CPU.Build.0 = Release|Any CPU
		{839A66FE-D4D0-438D-A713-692FDE52233E}.Debug|Any CPU.ActiveCfg = Debug|Any CPU
		{839A66FE-D4D0-438D-A713-692FDE52233E}.Debug|Any CPU.Build.0 = Debug|Any CPU
		{839A66FE-D4D0-438D-A713-692FDE52233E}.Release|Any CPU.ActiveCfg = Release|Any CPU
		{839A66FE-D4D0-438D-A713-692FDE52233E}.Release|Any CPU.Build.0 = Release|Any CPU
		{C3E32DF8-EC1B-43A6-B831-B43EF18AE13B}.Debug|Any CPU.ActiveCfg = Debug|Any CPU
		{C3E32DF8-EC1B-43A6-B831-B43EF18AE13B}.Debug|Any CPU.Build.0 = Debug|Any CPU
		{C3E32DF8-EC1B-43A6-B831-B43EF18AE13B}.Release|Any CPU.ActiveCfg = Release|Any CPU
		{C3E32DF8-EC1B-43A6-B831-B43EF18AE13B}.Release|Any CPU.Build.0 = Release|Any CPU
		{7809ACF8-D97E-44F7-8833-D857A78F6D6F}.Debug|Any CPU.ActiveCfg = Debug|Any CPU
		{7809ACF8-D97E-44F7-8833-D857A78F6D6F}.Debug|Any CPU.Build.0 = Debug|Any CPU
		{7809ACF8-D97E-44F7-8833-D857A78F6D6F}.Release|Any CPU.ActiveCfg = Release|Any CPU
		{7809ACF8-D97E-44F7-8833-D857A78F6D6F}.Release|Any CPU.Build.0 = Release|Any CPU
		{D474CE45-1BA4-45BA-9D55-153A49D6073E}.Debug|Any CPU.ActiveCfg = Debug|Any CPU
		{D474CE45-1BA4-45BA-9D55-153A49D6073E}.Debug|Any CPU.Build.0 = Debug|Any CPU
		{D474CE45-1BA4-45BA-9D55-153A49D6073E}.Release|Any CPU.ActiveCfg = Release|Any CPU
		{D474CE45-1BA4-45BA-9D55-153A49D6073E}.Release|Any CPU.Build.0 = Release|Any CPU
	EndGlobalSection
	GlobalSection(SolutionProperties) = preSolution
		HideSolutionNode = FALSE
	EndGlobalSection
	GlobalSection(NestedProjects) = preSolution
		{9182C92D-628F-4016-9492-29E20B9997F8} = {A7A8CF38-DEEE-43B2-A319-BE020ABBE2C9}
		{A696BA06-7960-481A-AA78-799BB990FE52} = {9182C92D-628F-4016-9492-29E20B9997F8}
		{B89D616F-5619-440B-B556-50FB629C5275} = {A7A8CF38-DEEE-43B2-A319-BE020ABBE2C9}
		{BC3583CC-1E7C-4556-BA75-15F87E9D7AB2} = {B89D616F-5619-440B-B556-50FB629C5275}
		{2244739F-B847-46E5-B35B-F987879B4312} = {A7A8CF38-DEEE-43B2-A319-BE020ABBE2C9}
		{186E081B-56C2-44F8-8E4A-BC97804DFA1E} = {2244739F-B847-46E5-B35B-F987879B4312}
		{ABF64B6F-2569-4009-B44C-6C1DA2F87B7E} = {A7A8CF38-DEEE-43B2-A319-BE020ABBE2C9}
		{A2A7DAFD-8CB6-4471-9172-75A0F594AB6C} = {ABF64B6F-2569-4009-B44C-6C1DA2F87B7E}
		{D1247326-50CB-4F27-8832-8C2E4BC24074} = {ABF64B6F-2569-4009-B44C-6C1DA2F87B7E}
		{65F5BD9B-8BB3-455E-B08A-7DF652F34CE8} = {9182C92D-628F-4016-9492-29E20B9997F8}
		{75B39CA0-6D06-4FAB-9C77-3FEF170E2ECB} = {2244739F-B847-46E5-B35B-F987879B4312}
		{19340C7D-3B01-492F-BF7B-178BA3551F58} = {ABF64B6F-2569-4009-B44C-6C1DA2F87B7E}
		{3CD0FEFE-27F5-42CC-889C-71BC3E769946} = {2244739F-B847-46E5-B35B-F987879B4312}
		{37468B53-DCF9-4BF9-8744-FC715F2F8078} = {9182C92D-628F-4016-9492-29E20B9997F8}
		{6B8743F7-33F9-422E-9F2C-6BFC8813CA5F} = {2244739F-B847-46E5-B35B-F987879B4312}
		{3C8F67ED-0EB7-409A-AD62-5876FD132732} = {2244739F-B847-46E5-B35B-F987879B4312}
		{9F73E7C1-6B33-427C-80F2-387A14323DA8} = {A7A8CF38-DEEE-43B2-A319-BE020ABBE2C9}
		{9EA594A0-C045-4539-99EE-7BD797298D10} = {9F73E7C1-6B33-427C-80F2-387A14323DA8}
		{74B70AFA-0CB1-4773-96BA-67F3F01F33C8} = {9F73E7C1-6B33-427C-80F2-387A14323DA8}
		{C37E94B8-459D-46B2-822C-2D08DDE1DE7B} = {2244739F-B847-46E5-B35B-F987879B4312}
		{185460D3-F008-4854-97D5-0438913D2435} = {2244739F-B847-46E5-B35B-F987879B4312}
		{E967A1EF-4BD1-4DD5-BCA9-3DE85FD7648D} = {ABF64B6F-2569-4009-B44C-6C1DA2F87B7E}
		{A340DF54-D9B8-4BED-AF7E-32BC15BDB589} = {ABF64B6F-2569-4009-B44C-6C1DA2F87B7E}
		{EB4633FD-B622-40AB-B18C-EEA121BC9A9F} = {B89D616F-5619-440B-B556-50FB629C5275}
		{EC4BA1BC-0B8D-4F6F-B801-96CA36519394} = {A7A8CF38-DEEE-43B2-A319-BE020ABBE2C9}
		{119675D3-0D80-4636-87A1-7236F82B6C88} = {EC4BA1BC-0B8D-4F6F-B801-96CA36519394}
		{158F19A8-F62B-4FF1-A44A-A462FFBFF083} = {9F73E7C1-6B33-427C-80F2-387A14323DA8}
		{839A66FE-D4D0-438D-A713-692FDE52233E} = {9182C92D-628F-4016-9492-29E20B9997F8}
		{C3E32DF8-EC1B-43A6-B831-B43EF18AE13B} = {2244739F-B847-46E5-B35B-F987879B4312}
		{7809ACF8-D97E-44F7-8833-D857A78F6D6F} = {ABF64B6F-2569-4009-B44C-6C1DA2F87B7E}
		{363E8960-47AB-4E2C-AC43-630AB4B2117C} = {A7A8CF38-DEEE-43B2-A319-BE020ABBE2C9}
		{D474CE45-1BA4-45BA-9D55-153A49D6073E} = {363E8960-47AB-4E2C-AC43-630AB4B2117C}
	EndGlobalSection
EndGlobal
