
Microsoft Visual Studio Solution File, Format Version 12.00
# Visual Studio 2013
VisualStudioVersion = 12.0.40629.0
MinimumVisualStudioVersion = 10.0.40219.1
Project("{FAE04EC0-301F-11D3-BF4B-00C04F79EFBC}") = "HRCSharp", "HRCSharp\HRCSharp.csproj", "{06D4BD80-9A43-4236-BDCE-50C8ED7C8BE9}"
EndProject
Project("{2150E333-8FDC-42A3-9474-1A3956D46DE8}") = "Algorithms", "Algorithms", "{A7A8CF38-DEEE-43B2-A319-BE020ABBE2C9}"
EndProject
Project("{2150E333-8FDC-42A3-9474-1A3956D46DE8}") = "Sorting", "Sorting", "{9182C92D-628F-4016-9492-29E20B9997F8}"
EndProject
Project("{FAE04EC0-301F-11D3-BF4B-00C04F79EFBC}") = "IntroToTutorialChallenges", "Algorithms\Sorting\IntroToTutorialChallenges\IntroToTutorialChallenges.csproj", "{A696BA06-7960-481A-AA78-799BB990FE52}"
EndProject
Project("{2150E333-8FDC-42A3-9474-1A3956D46DE8}") = "GraphTheory", "GraphTheory", "{B89D616F-5619-440B-B556-50FB629C5275}"
EndProject
Project("{FAE04EC0-301F-11D3-BF4B-00C04F79EFBC}") = "BreadthFirstSearchShortestReach", "Algorithms\GraphTheory\BreadthFirstSearchShortestReach\BreadthFirstSearchShortestReach.csproj", "{BC3583CC-1E7C-4556-BA75-15F87E9D7AB2}"
EndProject
Project("{2150E333-8FDC-42A3-9474-1A3956D46DE8}") = "Implementation", "Implementation", "{2244739F-B847-46E5-B35B-F987879B4312}"
EndProject
Project("{FAE04EC0-301F-11D3-BF4B-00C04F79EFBC}") = "UtopianTree", "Algorithms\Implementation\UtopianTree\UtopianTree.csproj", "{186E081B-56C2-44F8-8E4A-BC97804DFA1E}"
EndProject
Project("{2150E333-8FDC-42A3-9474-1A3956D46DE8}") = "Strings", "Strings", "{ABF64B6F-2569-4009-B44C-6C1DA2F87B7E}"
EndProject
Project("{FAE04EC0-301F-11D3-BF4B-00C04F79EFBC}") = "Pangrams", "Algorithms\Strings\Pangrams\Pangrams.csproj", "{A2A7DAFD-8CB6-4471-9172-75A0F594AB6C}"
EndProject
Project("{FAE04EC0-301F-11D3-BF4B-00C04F79EFBC}") = "FunnyString", "Algorithms\Strings\FunnyString\FunnyString.csproj", "{D1247326-50CB-4F27-8832-8C2E4BC24074}"
EndProject
Project("{FAE04EC0-301F-11D3-BF4B-00C04F79EFBC}") = "InsertionSortPart1", "Algorithms\Sorting\InsertionSortPart1\InsertionSortPart1.csproj", "{65F5BD9B-8BB3-455E-B08A-7DF652F34CE8}"
EndProject
Global
	GlobalSection(SolutionConfigurationPlatforms) = preSolution
		Debug|Any CPU = Debug|Any CPU
		Release|Any CPU = Release|Any CPU
	EndGlobalSection
	GlobalSection(ProjectConfigurationPlatforms) = postSolution
		{06D4BD80-9A43-4236-BDCE-50C8ED7C8BE9}.Debug|Any CPU.ActiveCfg = Debug|Any CPU
		{06D4BD80-9A43-4236-BDCE-50C8ED7C8BE9}.Debug|Any CPU.Build.0 = Debug|Any CPU
		{06D4BD80-9A43-4236-BDCE-50C8ED7C8BE9}.Release|Any CPU.ActiveCfg = Release|Any CPU
		{06D4BD80-9A43-4236-BDCE-50C8ED7C8BE9}.Release|Any CPU.Build.0 = Release|Any CPU
		{A696BA06-7960-481A-AA78-799BB990FE52}.Debug|Any CPU.ActiveCfg = Debug|Any CPU
		{A696BA06-7960-481A-AA78-799BB990FE52}.Debug|Any CPU.Build.0 = Debug|Any CPU
		{A696BA06-7960-481A-AA78-799BB990FE52}.Release|Any CPU.ActiveCfg = Release|Any CPU
		{A696BA06-7960-481A-AA78-799BB990FE52}.Release|Any CPU.Build.0 = Release|Any CPU
		{BC3583CC-1E7C-4556-BA75-15F87E9D7AB2}.Debug|Any CPU.ActiveCfg = Debug|Any CPU
		{BC3583CC-1E7C-4556-BA75-15F87E9D7AB2}.Debug|Any CPU.Build.0 = Debug|Any CPU
		{BC3583CC-1E7C-4556-BA75-15F87E9D7AB2}.Release|Any CPU.ActiveCfg = Release|Any CPU
		{BC3583CC-1E7C-4556-BA75-15F87E9D7AB2}.Release|Any CPU.Build.0 = Release|Any CPU
		{186E081B-56C2-44F8-8E4A-BC97804DFA1E}.Debug|Any CPU.ActiveCfg = Debug|Any CPU
		{186E081B-56C2-44F8-8E4A-BC97804DFA1E}.Debug|Any CPU.Build.0 = Debug|Any CPU
		{186E081B-56C2-44F8-8E4A-BC97804DFA1E}.Release|Any CPU.ActiveCfg = Release|Any CPU
		{186E081B-56C2-44F8-8E4A-BC97804DFA1E}.Release|Any CPU.Build.0 = Release|Any CPU
		{A2A7DAFD-8CB6-4471-9172-75A0F594AB6C}.Debug|Any CPU.ActiveCfg = Debug|Any CPU
		{A2A7DAFD-8CB6-4471-9172-75A0F594AB6C}.Debug|Any CPU.Build.0 = Debug|Any CPU
		{A2A7DAFD-8CB6-4471-9172-75A0F594AB6C}.Release|Any CPU.ActiveCfg = Release|Any CPU
		{A2A7DAFD-8CB6-4471-9172-75A0F594AB6C}.Release|Any CPU.Build.0 = Release|Any CPU
		{D1247326-50CB-4F27-8832-8C2E4BC24074}.Debug|Any CPU.ActiveCfg = Debug|Any CPU
		{D1247326-50CB-4F27-8832-8C2E4BC24074}.Debug|Any CPU.Build.0 = Debug|Any CPU
		{D1247326-50CB-4F27-8832-8C2E4BC24074}.Release|Any CPU.ActiveCfg = Release|Any CPU
		{D1247326-50CB-4F27-8832-8C2E4BC24074}.Release|Any CPU.Build.0 = Release|Any CPU
		{65F5BD9B-8BB3-455E-B08A-7DF652F34CE8}.Debug|Any CPU.ActiveCfg = Debug|Any CPU
		{65F5BD9B-8BB3-455E-B08A-7DF652F34CE8}.Debug|Any CPU.Build.0 = Debug|Any CPU
		{65F5BD9B-8BB3-455E-B08A-7DF652F34CE8}.Release|Any CPU.ActiveCfg = Release|Any CPU
		{65F5BD9B-8BB3-455E-B08A-7DF652F34CE8}.Release|Any CPU.Build.0 = Release|Any CPU
	EndGlobalSection
	GlobalSection(SolutionProperties) = preSolution
		HideSolutionNode = FALSE
	EndGlobalSection
	GlobalSection(NestedProjects) = preSolution
		{9182C92D-628F-4016-9492-29E20B9997F8} = {A7A8CF38-DEEE-43B2-A319-BE020ABBE2C9}
		{A696BA06-7960-481A-AA78-799BB990FE52} = {9182C92D-628F-4016-9492-29E20B9997F8}
		{B89D616F-5619-440B-B556-50FB629C5275} = {A7A8CF38-DEEE-43B2-A319-BE020ABBE2C9}
		{BC3583CC-1E7C-4556-BA75-15F87E9D7AB2} = {B89D616F-5619-440B-B556-50FB629C5275}
		{2244739F-B847-46E5-B35B-F987879B4312} = {A7A8CF38-DEEE-43B2-A319-BE020ABBE2C9}
		{186E081B-56C2-44F8-8E4A-BC97804DFA1E} = {2244739F-B847-46E5-B35B-F987879B4312}
		{ABF64B6F-2569-4009-B44C-6C1DA2F87B7E} = {A7A8CF38-DEEE-43B2-A319-BE020ABBE2C9}
		{A2A7DAFD-8CB6-4471-9172-75A0F594AB6C} = {ABF64B6F-2569-4009-B44C-6C1DA2F87B7E}
		{D1247326-50CB-4F27-8832-8C2E4BC24074} = {ABF64B6F-2569-4009-B44C-6C1DA2F87B7E}
		{65F5BD9B-8BB3-455E-B08A-7DF652F34CE8} = {9182C92D-628F-4016-9492-29E20B9997F8}
	EndGlobalSection
EndGlobal
